Microsoft Visual Studio Solution File, Format Version 12.00
# Visual Studio 2012
Project("{FAE04EC0-301F-11D3-BF4B-00C04F79EFBC}") = "Maximum Game 0.12", "Maximum Game 0.12.csproj", "{DE51D4B9-78EB-41D3-A651-86987C1E917F}"
EndProject
Global
	GlobalSection(SolutionConfigurationPlatforms) = preSolution
	Debug|Any CPU = Debug|Any CPU
	ExportDebug|Any CPU = ExportDebug|Any CPU
	ExportRelease|Any CPU = ExportRelease|Any CPU
	EndGlobalSection
	GlobalSection(ProjectConfigurationPlatforms) = postSolution
		{DE51D4B9-78EB-41D3-A651-86987C1E917F}.Debug|Any CPU.ActiveCfg = Debug|Any CPU
		{DE51D4B9-78EB-41D3-A651-86987C1E917F}.Debug|Any CPU.Build.0 = Debug|Any CPU
		{DE51D4B9-78EB-41D3-A651-86987C1E917F}.ExportDebug|Any CPU.ActiveCfg = ExportDebug|Any CPU
		{DE51D4B9-78EB-41D3-A651-86987C1E917F}.ExportDebug|Any CPU.Build.0 = ExportDebug|Any CPU
		{DE51D4B9-78EB-41D3-A651-86987C1E917F}.ExportRelease|Any CPU.ActiveCfg = ExportRelease|Any CPU
		{DE51D4B9-78EB-41D3-A651-86987C1E917F}.ExportRelease|Any CPU.Build.0 = ExportRelease|Any CPU
	EndGlobalSection
EndGlobal
